
Microsoft Visual Studio Solution File, Format Version 12.00
# Visual Studio Version 17
VisualStudioVersion = 17.6.33723.286
MinimumVisualStudioVersion = 10.0.40219.1
Project("{8BC9CEB8-8B4A-11D0-8D11-00A0C91BC942}") = "lab", "lab.vcxproj", "{58B25294-28D4-4D95-9822-B29B326BBBCC}"
EndProject
Global
	GlobalSection(SolutionConfigurationPlatforms) = preSolution
		Debug|x64 = Debug|x64
		Debug|x86 = Debug|x86
		Release|x64 = Release|x64
		Release|x86 = Release|x86
	EndGlobalSection
	GlobalSection(ProjectConfigurationPlatforms) = postSolution
		{58B25294-28D4-4D95-9822-B29B326BBBCC}.Debug|x64.ActiveCfg = Debug|x64
		{58B25294-28D4-4D95-9822-B29B326BBBCC}.Debug|x64.Build.0 = Debug|x64
		{58B25294-28D4-4D95-9822-B29B326BBBCC}.Debug|x86.ActiveCfg = Debug|Win32
		{58B25294-28D4-4D95-9822-B29B326BBBCC}.Debug|x86.Build.0 = Debug|Win32
		{58B25294-28D4-4D95-9822-B29B326BBBCC}.Release|x64.ActiveCfg = Release|x64
		{58B25294-28D4-4D95-9822-B29B326BBBCC}.Release|x64.Build.0 = Release|x64
		{58B25294-28D4-4D95-9822-B29B326BBBCC}.Release|x86.ActiveCfg = Release|Win32
		{58B25294-28D4-4D95-9822-B29B326BBBCC}.Release|x86.Build.0 = Release|Win32
	EndGlobalSection
	GlobalSection(SolutionProperties) = preSolution
		HideSolutionNode = FALSE
	EndGlobalSection
	GlobalSection(ExtensibilityGlobals) = postSolution
		SolutionGuid = {5814AE5F-1576-4551-92C2-AED3AD073230}
	EndGlobalSection
EndGlobal
